
Microsoft Visual Studio Solution File, Format Version 12.00
# Visual Studio Version 16
VisualStudioVersion = 16.0.28803.352
MinimumVisualStudioVersion = 10.0.40219.1
Project("{FAE04EC0-301F-11D3-BF4B-00C04F79EFBC}") = "读取二维数组中的值", "读取二维数组中的值\读取二维数组中的值.csproj", "{7DD37F2D-3D02-4B6B-B301-DFD3263B81B2}"
EndProject
Global
	GlobalSection(SolutionConfigurationPlatforms) = preSolution
		Debug|Any CPU = Debug|Any CPU
		Release|Any CPU = Release|Any CPU
	EndGlobalSection
	GlobalSection(ProjectConfigurationPlatforms) = postSolution
		{7DD37F2D-3D02-4B6B-B301-DFD3263B81B2}.Debug|Any CPU.ActiveCfg = Debug|Any CPU
		{7DD37F2D-3D02-4B6B-B301-DFD3263B81B2}.Debug|Any CPU.Build.0 = Debug|Any CPU
		{7DD37F2D-3D02-4B6B-B301-DFD3263B81B2}.Release|Any CPU.ActiveCfg = Release|Any CPU
		{7DD37F2D-3D02-4B6B-B301-DFD3263B81B2}.Release|Any CPU.Build.0 = Release|Any CPU
	EndGlobalSection
	GlobalSection(SolutionProperties) = preSolution
		HideSolutionNode = FALSE
	EndGlobalSection
	GlobalSection(ExtensibilityGlobals) = postSolution
		SolutionGuid = {A6C49B09-7FA1-4E98-B706-0BC00FCC9183}
	EndGlobalSection
EndGlobal
