
Microsoft Visual Studio Solution File, Format Version 12.00
# Visual Studio Version 16
VisualStudioVersion = 16.0.28803.202
MinimumVisualStudioVersion = 10.0.40219.1
Project("{FAE04EC0-301F-11D3-BF4B-00C04F79EFBC}") = "Array类Sort方法排序", "Array类Sort方法排序\Array类Sort方法排序.csproj", "{0C067A3F-F8D3-44F8-97CA-A3EF607F31CA}"
EndProject
Global
	GlobalSection(SolutionConfigurationPlatforms) = preSolution
		Debug|Any CPU = Debug|Any CPU
		Release|Any CPU = Release|Any CPU
	EndGlobalSection
	GlobalSection(ProjectConfigurationPlatforms) = postSolution
		{0C067A3F-F8D3-44F8-97CA-A3EF607F31CA}.Debug|Any CPU.ActiveCfg = Debug|Any CPU
		{0C067A3F-F8D3-44F8-97CA-A3EF607F31CA}.Debug|Any CPU.Build.0 = Debug|Any CPU
		{0C067A3F-F8D3-44F8-97CA-A3EF607F31CA}.Release|Any CPU.ActiveCfg = Release|Any CPU
		{0C067A3F-F8D3-44F8-97CA-A3EF607F31CA}.Release|Any CPU.Build.0 = Release|Any CPU
	EndGlobalSection
	GlobalSection(SolutionProperties) = preSolution
		HideSolutionNode = FALSE
	EndGlobalSection
	GlobalSection(ExtensibilityGlobals) = postSolution
		SolutionGuid = {87600949-D99A-486C-916C-4F175D846A0B}
	EndGlobalSection
EndGlobal
