
Microsoft Visual Studio Solution File, Format Version 12.00
# Visual Studio Version 16
VisualStudioVersion = 16.0.28922.388
MinimumVisualStudioVersion = 10.0.40219.1
Project("{FAE04EC0-301F-11D3-BF4B-00C04F79EFBC}") = "当前计算机上所有驱动器的相关信息", "当前计算机上所有驱动器的相关信息\当前计算机上所有驱动器的相关信息.csproj", "{FFD4770C-58EA-4336-8F91-DD5BEB63E87D}"
EndProject
Global
	GlobalSection(SolutionConfigurationPlatforms) = preSolution
		Debug|Any CPU = Debug|Any CPU
		Release|Any CPU = Release|Any CPU
	EndGlobalSection
	GlobalSection(ProjectConfigurationPlatforms) = postSolution
		{FFD4770C-58EA-4336-8F91-DD5BEB63E87D}.Debug|Any CPU.ActiveCfg = Debug|Any CPU
		{FFD4770C-58EA-4336-8F91-DD5BEB63E87D}.Debug|Any CPU.Build.0 = Debug|Any CPU
		{FFD4770C-58EA-4336-8F91-DD5BEB63E87D}.Release|Any CPU.ActiveCfg = Release|Any CPU
		{FFD4770C-58EA-4336-8F91-DD5BEB63E87D}.Release|Any CPU.Build.0 = Release|Any CPU
	EndGlobalSection
	GlobalSection(SolutionProperties) = preSolution
		HideSolutionNode = FALSE
	EndGlobalSection
	GlobalSection(ExtensibilityGlobals) = postSolution
		SolutionGuid = {2CA7A6CC-58A5-48DC-8DB3-67FCBFD2C878}
	EndGlobalSection
EndGlobal
