
Microsoft Visual Studio Solution File, Format Version 12.00
# Visual Studio Version 16
VisualStudioVersion = 16.0.28705.295
MinimumVisualStudioVersion = 10.0.40219.1
Project("{FAE04EC0-301F-11D3-BF4B-00C04F79EFBC}") = "圆的周长与面积", "圆的周长与面积\圆的周长与面积.csproj", "{973D8A98-C9A9-4341-96A8-E9D716381C56}"
EndProject
Global
	GlobalSection(SolutionConfigurationPlatforms) = preSolution
		Debug|Any CPU = Debug|Any CPU
		Release|Any CPU = Release|Any CPU
	EndGlobalSection
	GlobalSection(ProjectConfigurationPlatforms) = postSolution
		{973D8A98-C9A9-4341-96A8-E9D716381C56}.Debug|Any CPU.ActiveCfg = Debug|Any CPU
		{973D8A98-C9A9-4341-96A8-E9D716381C56}.Debug|Any CPU.Build.0 = Debug|Any CPU
		{973D8A98-C9A9-4341-96A8-E9D716381C56}.Release|Any CPU.ActiveCfg = Release|Any CPU
		{973D8A98-C9A9-4341-96A8-E9D716381C56}.Release|Any CPU.Build.0 = Release|Any CPU
	EndGlobalSection
	GlobalSection(SolutionProperties) = preSolution
		HideSolutionNode = FALSE
	EndGlobalSection
	GlobalSection(ExtensibilityGlobals) = postSolution
		SolutionGuid = {C19F5DBE-63C8-4864-B1D1-B419D634B392}
	EndGlobalSection
EndGlobal
