
Microsoft Visual Studio Solution File, Format Version 12.00
# Visual Studio Version 16
VisualStudioVersion = 16.0.28705.295
MinimumVisualStudioVersion = 10.0.40219.1
Project("{FAE04EC0-301F-11D3-BF4B-00C04F79EFBC}") = "特殊数值的计算", "特殊数值的计算\特殊数值的计算.csproj", "{3D64D304-0D38-42E8-91FD-17B0F5F04D2B}"
EndProject
Global
	GlobalSection(SolutionConfigurationPlatforms) = preSolution
		Debug|Any CPU = Debug|Any CPU
		Release|Any CPU = Release|Any CPU
	EndGlobalSection
	GlobalSection(ProjectConfigurationPlatforms) = postSolution
		{3D64D304-0D38-42E8-91FD-17B0F5F04D2B}.Debug|Any CPU.ActiveCfg = Debug|Any CPU
		{3D64D304-0D38-42E8-91FD-17B0F5F04D2B}.Debug|Any CPU.Build.0 = Debug|Any CPU
		{3D64D304-0D38-42E8-91FD-17B0F5F04D2B}.Release|Any CPU.ActiveCfg = Release|Any CPU
		{3D64D304-0D38-42E8-91FD-17B0F5F04D2B}.Release|Any CPU.Build.0 = Release|Any CPU
	EndGlobalSection
	GlobalSection(SolutionProperties) = preSolution
		HideSolutionNode = FALSE
	EndGlobalSection
	GlobalSection(ExtensibilityGlobals) = postSolution
		SolutionGuid = {5D232179-0E65-49C3-8492-8FC2B48D2C2B}
	EndGlobalSection
EndGlobal
