
Microsoft Visual Studio Solution File, Format Version 12.00
# Visual Studio Version 16
VisualStudioVersion = 16.0.28922.388
MinimumVisualStudioVersion = 10.0.40219.1
Project("{FAE04EC0-301F-11D3-BF4B-00C04F79EFBC}") = "当前目录下所有文件的时间信息", "当前目录下所有文件的时间信息\当前目录下所有文件的时间信息.csproj", "{7F3647EB-A683-455B-86A6-DCFA0B4667B3}"
EndProject
Global
	GlobalSection(SolutionConfigurationPlatforms) = preSolution
		Debug|Any CPU = Debug|Any CPU
		Release|Any CPU = Release|Any CPU
	EndGlobalSection
	GlobalSection(ProjectConfigurationPlatforms) = postSolution
		{7F3647EB-A683-455B-86A6-DCFA0B4667B3}.Debug|Any CPU.ActiveCfg = Debug|Any CPU
		{7F3647EB-A683-455B-86A6-DCFA0B4667B3}.Debug|Any CPU.Build.0 = Debug|Any CPU
		{7F3647EB-A683-455B-86A6-DCFA0B4667B3}.Release|Any CPU.ActiveCfg = Release|Any CPU
		{7F3647EB-A683-455B-86A6-DCFA0B4667B3}.Release|Any CPU.Build.0 = Release|Any CPU
	EndGlobalSection
	GlobalSection(SolutionProperties) = preSolution
		HideSolutionNode = FALSE
	EndGlobalSection
	GlobalSection(ExtensibilityGlobals) = postSolution
		SolutionGuid = {4000C831-693B-4C9E-AC02-6DE5C2444DED}
	EndGlobalSection
EndGlobal
