
Microsoft Visual Studio Solution File, Format Version 12.00
# Visual Studio Version 16
VisualStudioVersion = 16.0.28803.452
MinimumVisualStudioVersion = 10.0.40219.1
Project("{FAE04EC0-301F-11D3-BF4B-00C04F79EFBC}") = "Lab_Ch6_17", "Lab_Ch6_17\Lab_Ch6_17.csproj", "{A1DF223D-649A-4873-9F44-915CFEDE8596}"
EndProject
Project("{FAE04EC0-301F-11D3-BF4B-00C04F79EFBC}") = "Lab_Ch6_17_Ex", "Lab_Ch6_17_Ex\Lab_Ch6_17_Ex.csproj", "{1F4DBCC9-77D1-436C-AD84-A6469F720F04}"
EndProject
Global
	GlobalSection(SolutionConfigurationPlatforms) = preSolution
		Debug|Any CPU = Debug|Any CPU
		Release|Any CPU = Release|Any CPU
	EndGlobalSection
	GlobalSection(ProjectConfigurationPlatforms) = postSolution
		{A1DF223D-649A-4873-9F44-915CFEDE8596}.Debug|Any CPU.ActiveCfg = Debug|Any CPU
		{A1DF223D-649A-4873-9F44-915CFEDE8596}.Debug|Any CPU.Build.0 = Debug|Any CPU
		{A1DF223D-649A-4873-9F44-915CFEDE8596}.Release|Any CPU.ActiveCfg = Release|Any CPU
		{A1DF223D-649A-4873-9F44-915CFEDE8596}.Release|Any CPU.Build.0 = Release|Any CPU
		{1F4DBCC9-77D1-436C-AD84-A6469F720F04}.Debug|Any CPU.ActiveCfg = Debug|Any CPU
		{1F4DBCC9-77D1-436C-AD84-A6469F720F04}.Debug|Any CPU.Build.0 = Debug|Any CPU
		{1F4DBCC9-77D1-436C-AD84-A6469F720F04}.Release|Any CPU.ActiveCfg = Release|Any CPU
		{1F4DBCC9-77D1-436C-AD84-A6469F720F04}.Release|Any CPU.Build.0 = Release|Any CPU
	EndGlobalSection
	GlobalSection(SolutionProperties) = preSolution
		HideSolutionNode = FALSE
	EndGlobalSection
	GlobalSection(ExtensibilityGlobals) = postSolution
		SolutionGuid = {4B702A66-438C-46DC-B55E-49F92D915934}
	EndGlobalSection
EndGlobal
