
Microsoft Visual Studio Solution File, Format Version 12.00
# Visual Studio Version 16
VisualStudioVersion = 16.0.28922.388
MinimumVisualStudioVersion = 10.0.40219.1
Project("{FAE04EC0-301F-11D3-BF4B-00C04F79EFBC}") = "四种字段的使用", "四种字段的使用\四种字段的使用.csproj", "{DA08B3FA-66EA-498E-8896-EFE7961A3EA6}"
EndProject
Global
	GlobalSection(SolutionConfigurationPlatforms) = preSolution
		Debug|Any CPU = Debug|Any CPU
		Release|Any CPU = Release|Any CPU
	EndGlobalSection
	GlobalSection(ProjectConfigurationPlatforms) = postSolution
		{DA08B3FA-66EA-498E-8896-EFE7961A3EA6}.Debug|Any CPU.ActiveCfg = Debug|Any CPU
		{DA08B3FA-66EA-498E-8896-EFE7961A3EA6}.Debug|Any CPU.Build.0 = Debug|Any CPU
		{DA08B3FA-66EA-498E-8896-EFE7961A3EA6}.Release|Any CPU.ActiveCfg = Release|Any CPU
		{DA08B3FA-66EA-498E-8896-EFE7961A3EA6}.Release|Any CPU.Build.0 = Release|Any CPU
	EndGlobalSection
	GlobalSection(SolutionProperties) = preSolution
		HideSolutionNode = FALSE
	EndGlobalSection
	GlobalSection(ExtensibilityGlobals) = postSolution
		SolutionGuid = {11065FF9-C37F-4A24-B5B3-D52140388369}
	EndGlobalSection
EndGlobal
