
Microsoft Visual Studio Solution File, Format Version 12.00
# Visual Studio Version 16
VisualStudioVersion = 16.0.28803.202
MinimumVisualStudioVersion = 10.0.40219.1
Project("{FAE04EC0-301F-11D3-BF4B-00C04F79EFBC}") = "通过键盘输入给数组赋值", "通过键盘输入给数组赋值\通过键盘输入给数组赋值.csproj", "{BF85645B-7E33-45E4-B4A1-2C55341171AA}"
EndProject
Global
	GlobalSection(SolutionConfigurationPlatforms) = preSolution
		Debug|Any CPU = Debug|Any CPU
		Release|Any CPU = Release|Any CPU
	EndGlobalSection
	GlobalSection(ProjectConfigurationPlatforms) = postSolution
		{BF85645B-7E33-45E4-B4A1-2C55341171AA}.Debug|Any CPU.ActiveCfg = Debug|Any CPU
		{BF85645B-7E33-45E4-B4A1-2C55341171AA}.Debug|Any CPU.Build.0 = Debug|Any CPU
		{BF85645B-7E33-45E4-B4A1-2C55341171AA}.Release|Any CPU.ActiveCfg = Release|Any CPU
		{BF85645B-7E33-45E4-B4A1-2C55341171AA}.Release|Any CPU.Build.0 = Release|Any CPU
	EndGlobalSection
	GlobalSection(SolutionProperties) = preSolution
		HideSolutionNode = FALSE
	EndGlobalSection
	GlobalSection(ExtensibilityGlobals) = postSolution
		SolutionGuid = {E206D0A0-99DC-499A-BA31-1064C3814F76}
	EndGlobalSection
EndGlobal
