
Microsoft Visual Studio Solution File, Format Version 12.00
# Visual Studio Version 16
VisualStudioVersion = 16.0.28705.295
MinimumVisualStudioVersion = 10.0.40219.1
Project("{FAE04EC0-301F-11D3-BF4B-00C04F79EFBC}") = "continue语句输出5~10", "continue语句输出5~10\continue语句输出5~10.csproj", "{80AC19B0-5E5B-4015-AEA1-1F10F3A36095}"
EndProject
Global
	GlobalSection(SolutionConfigurationPlatforms) = preSolution
		Debug|Any CPU = Debug|Any CPU
		Release|Any CPU = Release|Any CPU
	EndGlobalSection
	GlobalSection(ProjectConfigurationPlatforms) = postSolution
		{80AC19B0-5E5B-4015-AEA1-1F10F3A36095}.Debug|Any CPU.ActiveCfg = Debug|Any CPU
		{80AC19B0-5E5B-4015-AEA1-1F10F3A36095}.Debug|Any CPU.Build.0 = Debug|Any CPU
		{80AC19B0-5E5B-4015-AEA1-1F10F3A36095}.Release|Any CPU.ActiveCfg = Release|Any CPU
		{80AC19B0-5E5B-4015-AEA1-1F10F3A36095}.Release|Any CPU.Build.0 = Release|Any CPU
	EndGlobalSection
	GlobalSection(SolutionProperties) = preSolution
		HideSolutionNode = FALSE
	EndGlobalSection
	GlobalSection(ExtensibilityGlobals) = postSolution
		SolutionGuid = {73764D6D-263C-417D-B387-9100622064A8}
	EndGlobalSection
EndGlobal
