
Microsoft Visual Studio Solution File, Format Version 11.00
# Visual Studio 2010
Project("{FAE04EC0-301F-11D3-BF4B-00C04F79EFBC}") = "窗体属性、事件、方法", "窗体属性、事件、方法\窗体属性、事件、方法.csproj", "{655A47B5-6C2C-44C1-AF0F-29104D5AA90E}"
EndProject
Global
	GlobalSection(SolutionConfigurationPlatforms) = preSolution
		Debug|x86 = Debug|x86
		Release|x86 = Release|x86
	EndGlobalSection
	GlobalSection(ProjectConfigurationPlatforms) = postSolution
		{655A47B5-6C2C-44C1-AF0F-29104D5AA90E}.Debug|x86.ActiveCfg = Debug|x86
		{655A47B5-6C2C-44C1-AF0F-29104D5AA90E}.Debug|x86.Build.0 = Debug|x86
		{655A47B5-6C2C-44C1-AF0F-29104D5AA90E}.Release|x86.ActiveCfg = Release|x86
		{655A47B5-6C2C-44C1-AF0F-29104D5AA90E}.Release|x86.Build.0 = Release|x86
	EndGlobalSection
	GlobalSection(SolutionProperties) = preSolution
		HideSolutionNode = FALSE
	EndGlobalSection
EndGlobal
