
Microsoft Visual Studio Solution File, Format Version 12.00
# Visual Studio Version 16
VisualStudioVersion = 16.0.28705.295
MinimumVisualStudioVersion = 10.0.40219.1
Project("{FAE04EC0-301F-11D3-BF4B-00C04F79EFBC}") = "计算1～100的和", "计算求和\计算1～100的和.csproj", "{C0E6827B-0422-446C-88A9-D02E4C8B8C70}"
EndProject
Global
	GlobalSection(SolutionConfigurationPlatforms) = preSolution
		Debug|Any CPU = Debug|Any CPU
		Release|Any CPU = Release|Any CPU
	EndGlobalSection
	GlobalSection(ProjectConfigurationPlatforms) = postSolution
		{C0E6827B-0422-446C-88A9-D02E4C8B8C70}.Debug|Any CPU.ActiveCfg = Debug|Any CPU
		{C0E6827B-0422-446C-88A9-D02E4C8B8C70}.Debug|Any CPU.Build.0 = Debug|Any CPU
		{C0E6827B-0422-446C-88A9-D02E4C8B8C70}.Release|Any CPU.ActiveCfg = Release|Any CPU
		{C0E6827B-0422-446C-88A9-D02E4C8B8C70}.Release|Any CPU.Build.0 = Release|Any CPU
	EndGlobalSection
	GlobalSection(SolutionProperties) = preSolution
		HideSolutionNode = FALSE
	EndGlobalSection
	GlobalSection(ExtensibilityGlobals) = postSolution
		SolutionGuid = {14BD1769-24C1-44E3-AAE5-5D7FFFB54DCD}
	EndGlobalSection
EndGlobal
