
Microsoft Visual Studio Solution File, Format Version 12.00
# Visual Studio Version 16
VisualStudioVersion = 16.0.28803.452
MinimumVisualStudioVersion = 10.0.40219.1
Project("{FAE04EC0-301F-11D3-BF4B-00C04F79EFBC}") = "滚动条与进度条", "滚动条与进度条\滚动条与进度条.csproj", "{547F9BCD-B4CC-480D-BD22-D2DEEDF76D37}"
EndProject
Global
	GlobalSection(SolutionConfigurationPlatforms) = preSolution
		Debug|Any CPU = Debug|Any CPU
		Release|Any CPU = Release|Any CPU
	EndGlobalSection
	GlobalSection(ProjectConfigurationPlatforms) = postSolution
		{547F9BCD-B4CC-480D-BD22-D2DEEDF76D37}.Debug|Any CPU.ActiveCfg = Debug|Any CPU
		{547F9BCD-B4CC-480D-BD22-D2DEEDF76D37}.Debug|Any CPU.Build.0 = Debug|Any CPU
		{547F9BCD-B4CC-480D-BD22-D2DEEDF76D37}.Release|Any CPU.ActiveCfg = Release|Any CPU
		{547F9BCD-B4CC-480D-BD22-D2DEEDF76D37}.Release|Any CPU.Build.0 = Release|Any CPU
	EndGlobalSection
	GlobalSection(SolutionProperties) = preSolution
		HideSolutionNode = FALSE
	EndGlobalSection
	GlobalSection(ExtensibilityGlobals) = postSolution
		SolutionGuid = {EA06E683-EE10-4B73-BFA3-3D3515DD2C54}
	EndGlobalSection
EndGlobal
