
Microsoft Visual Studio Solution File, Format Version 12.00
# Visual Studio Version 16
VisualStudioVersion = 16.0.28803.452
MinimumVisualStudioVersion = 10.0.40219.1
Project("{FAE04EC0-301F-11D3-BF4B-00C04F79EFBC}") = "写字板程序的实现", "写字板程序的实现\写字板程序的实现.csproj", "{D87C8332-20CB-4971-B5CB-89230FEC98CD}"
EndProject
Global
	GlobalSection(SolutionConfigurationPlatforms) = preSolution
		Debug|Any CPU = Debug|Any CPU
		Release|Any CPU = Release|Any CPU
	EndGlobalSection
	GlobalSection(ProjectConfigurationPlatforms) = postSolution
		{D87C8332-20CB-4971-B5CB-89230FEC98CD}.Debug|Any CPU.ActiveCfg = Debug|Any CPU
		{D87C8332-20CB-4971-B5CB-89230FEC98CD}.Debug|Any CPU.Build.0 = Debug|Any CPU
		{D87C8332-20CB-4971-B5CB-89230FEC98CD}.Release|Any CPU.ActiveCfg = Release|Any CPU
		{D87C8332-20CB-4971-B5CB-89230FEC98CD}.Release|Any CPU.Build.0 = Release|Any CPU
	EndGlobalSection
	GlobalSection(SolutionProperties) = preSolution
		HideSolutionNode = FALSE
	EndGlobalSection
	GlobalSection(ExtensibilityGlobals) = postSolution
		SolutionGuid = {21980345-0DFC-4401-9167-E1B8C221CFF1}
	EndGlobalSection
EndGlobal
