
Microsoft Visual Studio Solution File, Format Version 11.00
# Visual Studio 2010
Project("{FAE04EC0-301F-11D3-BF4B-00C04F79EFBC}") = "Lab_Ch5_4_Ex", "Lab_Ch5_4_Ex\Lab_Ch5_4_Ex.csproj", "{07FEDEB3-3A37-41C6-B87C-042601437CF9}"
EndProject
Project("{FAE04EC0-301F-11D3-BF4B-00C04F79EFBC}") = "Lab_Ch5_4", "Lab_Ch5_4\Lab_Ch5_4.csproj", "{CF62D532-5AFB-4CD9-8F5A-5E0280353F64}"
EndProject
Global
	GlobalSection(SolutionConfigurationPlatforms) = preSolution
		Debug|x86 = Debug|x86
		Release|x86 = Release|x86
	EndGlobalSection
	GlobalSection(ProjectConfigurationPlatforms) = postSolution
		{07FEDEB3-3A37-41C6-B87C-042601437CF9}.Debug|x86.ActiveCfg = Debug|x86
		{07FEDEB3-3A37-41C6-B87C-042601437CF9}.Debug|x86.Build.0 = Debug|x86
		{07FEDEB3-3A37-41C6-B87C-042601437CF9}.Release|x86.ActiveCfg = Release|x86
		{07FEDEB3-3A37-41C6-B87C-042601437CF9}.Release|x86.Build.0 = Release|x86
		{CF62D532-5AFB-4CD9-8F5A-5E0280353F64}.Debug|x86.ActiveCfg = Debug|x86
		{CF62D532-5AFB-4CD9-8F5A-5E0280353F64}.Debug|x86.Build.0 = Debug|x86
		{CF62D532-5AFB-4CD9-8F5A-5E0280353F64}.Release|x86.ActiveCfg = Release|x86
		{CF62D532-5AFB-4CD9-8F5A-5E0280353F64}.Release|x86.Build.0 = Release|x86
	EndGlobalSection
	GlobalSection(SolutionProperties) = preSolution
		HideSolutionNode = FALSE
	EndGlobalSection
EndGlobal
