
Microsoft Visual Studio Solution File, Format Version 12.00
# Visual Studio Version 16
VisualStudioVersion = 16.0.28803.202
MinimumVisualStudioVersion = 10.0.40219.1
Project("{FAE04EC0-301F-11D3-BF4B-00C04F79EFBC}") = "指向同一个对象的多个数组元素例", "指向同一个对象的多个数组元素例\指向同一个对象的多个数组元素例.csproj", "{D4E76708-E0E1-4CBD-938D-AF33CB228059}"
EndProject
Global
	GlobalSection(SolutionConfigurationPlatforms) = preSolution
		Debug|Any CPU = Debug|Any CPU
		Release|Any CPU = Release|Any CPU
	EndGlobalSection
	GlobalSection(ProjectConfigurationPlatforms) = postSolution
		{D4E76708-E0E1-4CBD-938D-AF33CB228059}.Debug|Any CPU.ActiveCfg = Debug|Any CPU
		{D4E76708-E0E1-4CBD-938D-AF33CB228059}.Debug|Any CPU.Build.0 = Debug|Any CPU
		{D4E76708-E0E1-4CBD-938D-AF33CB228059}.Release|Any CPU.ActiveCfg = Release|Any CPU
		{D4E76708-E0E1-4CBD-938D-AF33CB228059}.Release|Any CPU.Build.0 = Release|Any CPU
	EndGlobalSection
	GlobalSection(SolutionProperties) = preSolution
		HideSolutionNode = FALSE
	EndGlobalSection
	GlobalSection(ExtensibilityGlobals) = postSolution
		SolutionGuid = {52D551F5-1E04-4ECD-9273-C165F0D81616}
	EndGlobalSection
EndGlobal
