
Microsoft Visual Studio Solution File, Format Version 12.00
# Visual Studio Version 16
VisualStudioVersion = 16.0.28803.352
MinimumVisualStudioVersion = 10.0.40219.1
Project("{FAE04EC0-301F-11D3-BF4B-00C04F79EFBC}") = "计算机选课程序", "计算机选课程序\计算机选课程序.csproj", "{236ACE00-23AD-4982-97CF-A95EE71EA7D5}"
EndProject
Global
	GlobalSection(SolutionConfigurationPlatforms) = preSolution
		Debug|Any CPU = Debug|Any CPU
		Release|Any CPU = Release|Any CPU
	EndGlobalSection
	GlobalSection(ProjectConfigurationPlatforms) = postSolution
		{236ACE00-23AD-4982-97CF-A95EE71EA7D5}.Debug|Any CPU.ActiveCfg = Debug|Any CPU
		{236ACE00-23AD-4982-97CF-A95EE71EA7D5}.Debug|Any CPU.Build.0 = Debug|Any CPU
		{236ACE00-23AD-4982-97CF-A95EE71EA7D5}.Release|Any CPU.ActiveCfg = Release|Any CPU
		{236ACE00-23AD-4982-97CF-A95EE71EA7D5}.Release|Any CPU.Build.0 = Release|Any CPU
	EndGlobalSection
	GlobalSection(SolutionProperties) = preSolution
		HideSolutionNode = FALSE
	EndGlobalSection
	GlobalSection(ExtensibilityGlobals) = postSolution
		SolutionGuid = {80D49D7F-AF55-4DC0-B7D3-C8A3CDD1BA71}
	EndGlobalSection
EndGlobal
