
Microsoft Visual Studio Solution File, Format Version 12.00
# Visual Studio Version 16
VisualStudioVersion = 16.0.28705.295
MinimumVisualStudioVersion = 10.0.40219.1
Project("{9A19103F-16F7-4668-BE54-9A1E7A4F7556}") = "乘法运算时的溢出现象", "乘法运算时的溢出现象\乘法运算时的溢出现象.csproj", "{9C34F96D-257A-4426-B33D-A6782928A661}"
EndProject
Project("{9A19103F-16F7-4668-BE54-9A1E7A4F7556}") = "运算符与表达式", "运算符与表达式\运算符与表达式.csproj", "{4AA8C5AE-7124-4D72-B54A-092223173B15}"
EndProject
Global
	GlobalSection(SolutionConfigurationPlatforms) = preSolution
		Debug|Any CPU = Debug|Any CPU
		Release|Any CPU = Release|Any CPU
	EndGlobalSection
	GlobalSection(ProjectConfigurationPlatforms) = postSolution
		{9C34F96D-257A-4426-B33D-A6782928A661}.Debug|Any CPU.ActiveCfg = Debug|Any CPU
		{9C34F96D-257A-4426-B33D-A6782928A661}.Debug|Any CPU.Build.0 = Debug|Any CPU
		{9C34F96D-257A-4426-B33D-A6782928A661}.Release|Any CPU.ActiveCfg = Release|Any CPU
		{9C34F96D-257A-4426-B33D-A6782928A661}.Release|Any CPU.Build.0 = Release|Any CPU
		{4AA8C5AE-7124-4D72-B54A-092223173B15}.Debug|Any CPU.ActiveCfg = Debug|Any CPU
		{4AA8C5AE-7124-4D72-B54A-092223173B15}.Debug|Any CPU.Build.0 = Debug|Any CPU
		{4AA8C5AE-7124-4D72-B54A-092223173B15}.Release|Any CPU.ActiveCfg = Release|Any CPU
		{4AA8C5AE-7124-4D72-B54A-092223173B15}.Release|Any CPU.Build.0 = Release|Any CPU
	EndGlobalSection
	GlobalSection(SolutionProperties) = preSolution
		HideSolutionNode = FALSE
	EndGlobalSection
	GlobalSection(ExtensibilityGlobals) = postSolution
		SolutionGuid = {604654AA-1EE1-4B1B-A5A5-FC1E6067368E}
	EndGlobalSection
EndGlobal
