
Microsoft Visual Studio Solution File, Format Version 12.00
# Visual Studio Version 16
VisualStudioVersion = 16.0.28705.295
MinimumVisualStudioVersion = 10.0.40219.1
Project("{FAE04EC0-301F-11D3-BF4B-00C04F79EFBC}") = "算术四则运算", "算术四则运算\算术四则运算.csproj", "{6D269983-3F73-4D2F-9334-A8E37F4A9CB4}"
EndProject
Global
	GlobalSection(SolutionConfigurationPlatforms) = preSolution
		Debug|Any CPU = Debug|Any CPU
		Release|Any CPU = Release|Any CPU
	EndGlobalSection
	GlobalSection(ProjectConfigurationPlatforms) = postSolution
		{6D269983-3F73-4D2F-9334-A8E37F4A9CB4}.Debug|Any CPU.ActiveCfg = Debug|Any CPU
		{6D269983-3F73-4D2F-9334-A8E37F4A9CB4}.Debug|Any CPU.Build.0 = Debug|Any CPU
		{6D269983-3F73-4D2F-9334-A8E37F4A9CB4}.Release|Any CPU.ActiveCfg = Release|Any CPU
		{6D269983-3F73-4D2F-9334-A8E37F4A9CB4}.Release|Any CPU.Build.0 = Release|Any CPU
	EndGlobalSection
	GlobalSection(SolutionProperties) = preSolution
		HideSolutionNode = FALSE
	EndGlobalSection
	GlobalSection(ExtensibilityGlobals) = postSolution
		SolutionGuid = {21A5CE25-8BD1-43EF-82DA-434A4F315ADF}
	EndGlobalSection
EndGlobal
