
Microsoft Visual Studio Solution File, Format Version 12.00
# Visual Studio Version 16
VisualStudioVersion = 16.0.28803.352
MinimumVisualStudioVersion = 10.0.40219.1
Project("{FAE04EC0-301F-11D3-BF4B-00C04F79EFBC}") = "二维数组相加", "二维数组相加\二维数组相加.csproj", "{960A5C70-287C-454E-B4D2-1B589600A58C}"
EndProject
Global
	GlobalSection(SolutionConfigurationPlatforms) = preSolution
		Debug|Any CPU = Debug|Any CPU
		Release|Any CPU = Release|Any CPU
	EndGlobalSection
	GlobalSection(ProjectConfigurationPlatforms) = postSolution
		{960A5C70-287C-454E-B4D2-1B589600A58C}.Debug|Any CPU.ActiveCfg = Debug|Any CPU
		{960A5C70-287C-454E-B4D2-1B589600A58C}.Debug|Any CPU.Build.0 = Debug|Any CPU
		{960A5C70-287C-454E-B4D2-1B589600A58C}.Release|Any CPU.ActiveCfg = Release|Any CPU
		{960A5C70-287C-454E-B4D2-1B589600A58C}.Release|Any CPU.Build.0 = Release|Any CPU
	EndGlobalSection
	GlobalSection(SolutionProperties) = preSolution
		HideSolutionNode = FALSE
	EndGlobalSection
	GlobalSection(ExtensibilityGlobals) = postSolution
		SolutionGuid = {ACB2AF16-15DA-4EE8-B362-BD4CFA854AC3}
	EndGlobalSection
EndGlobal
