
Microsoft Visual Studio Solution File, Format Version 12.00
# Visual Studio Version 16
VisualStudioVersion = 16.0.28922.388
MinimumVisualStudioVersion = 10.0.40219.1
Project("{FAE04EC0-301F-11D3-BF4B-00C04F79EFBC}") = "虚拟方法和重写方法", "虚拟方法和重写方法\虚拟方法和重写方法.csproj", "{B3FEC7DC-1954-4310-A8C6-D5DC0503BB71}"
EndProject
Global
	GlobalSection(SolutionConfigurationPlatforms) = preSolution
		Debug|Any CPU = Debug|Any CPU
		Release|Any CPU = Release|Any CPU
	EndGlobalSection
	GlobalSection(ProjectConfigurationPlatforms) = postSolution
		{B3FEC7DC-1954-4310-A8C6-D5DC0503BB71}.Debug|Any CPU.ActiveCfg = Debug|Any CPU
		{B3FEC7DC-1954-4310-A8C6-D5DC0503BB71}.Debug|Any CPU.Build.0 = Debug|Any CPU
		{B3FEC7DC-1954-4310-A8C6-D5DC0503BB71}.Release|Any CPU.ActiveCfg = Release|Any CPU
		{B3FEC7DC-1954-4310-A8C6-D5DC0503BB71}.Release|Any CPU.Build.0 = Release|Any CPU
	EndGlobalSection
	GlobalSection(SolutionProperties) = preSolution
		HideSolutionNode = FALSE
	EndGlobalSection
	GlobalSection(ExtensibilityGlobals) = postSolution
		SolutionGuid = {C21B7077-A590-4E9F-911A-6C3EE2097F9C}
	EndGlobalSection
EndGlobal
