
Microsoft Visual Studio Solution File, Format Version 12.00
# Visual Studio Version 16
VisualStudioVersion = 16.0.28803.202
MinimumVisualStudioVersion = 10.0.40219.1
Project("{FAE04EC0-301F-11D3-BF4B-00C04F79EFBC}") = "数组对象的输出", "数组对象的输出\数组对象的输出.csproj", "{7EBFB3E8-0429-46FD-BC79-DC902F6059C4}"
EndProject
Global
	GlobalSection(SolutionConfigurationPlatforms) = preSolution
		Debug|Any CPU = Debug|Any CPU
		Release|Any CPU = Release|Any CPU
	EndGlobalSection
	GlobalSection(ProjectConfigurationPlatforms) = postSolution
		{7EBFB3E8-0429-46FD-BC79-DC902F6059C4}.Debug|Any CPU.ActiveCfg = Debug|Any CPU
		{7EBFB3E8-0429-46FD-BC79-DC902F6059C4}.Debug|Any CPU.Build.0 = Debug|Any CPU
		{7EBFB3E8-0429-46FD-BC79-DC902F6059C4}.Release|Any CPU.ActiveCfg = Release|Any CPU
		{7EBFB3E8-0429-46FD-BC79-DC902F6059C4}.Release|Any CPU.Build.0 = Release|Any CPU
	EndGlobalSection
	GlobalSection(SolutionProperties) = preSolution
		HideSolutionNode = FALSE
	EndGlobalSection
	GlobalSection(ExtensibilityGlobals) = postSolution
		SolutionGuid = {C4F0663E-7271-40AA-B550-6E67BA54C2E0}
	EndGlobalSection
EndGlobal
