
Microsoft Visual Studio Solution File, Format Version 12.00
# Visual Studio Version 16
VisualStudioVersion = 16.0.28922.388
MinimumVisualStudioVersion = 10.0.40219.1
Project("{FAE04EC0-301F-11D3-BF4B-00C04F79EFBC}") = "静态方法", "静态方法\静态方法.csproj", "{AD3F0B48-BC4B-4920-BE8F-726CCF5A30E8}"
EndProject
Global
	GlobalSection(SolutionConfigurationPlatforms) = preSolution
		Debug|Any CPU = Debug|Any CPU
		Release|Any CPU = Release|Any CPU
	EndGlobalSection
	GlobalSection(ProjectConfigurationPlatforms) = postSolution
		{AD3F0B48-BC4B-4920-BE8F-726CCF5A30E8}.Debug|Any CPU.ActiveCfg = Debug|Any CPU
		{AD3F0B48-BC4B-4920-BE8F-726CCF5A30E8}.Debug|Any CPU.Build.0 = Debug|Any CPU
		{AD3F0B48-BC4B-4920-BE8F-726CCF5A30E8}.Release|Any CPU.ActiveCfg = Release|Any CPU
		{AD3F0B48-BC4B-4920-BE8F-726CCF5A30E8}.Release|Any CPU.Build.0 = Release|Any CPU
	EndGlobalSection
	GlobalSection(SolutionProperties) = preSolution
		HideSolutionNode = FALSE
	EndGlobalSection
	GlobalSection(ExtensibilityGlobals) = postSolution
		SolutionGuid = {9E571B0C-1084-4795-AABB-2D0E4DE3EC57}
	EndGlobalSection
EndGlobal
