
Microsoft Visual Studio Solution File, Format Version 12.00
# Visual Studio Version 16
VisualStudioVersion = 16.0.28922.388
MinimumVisualStudioVersion = 10.0.40219.1
Project("{FAE04EC0-301F-11D3-BF4B-00C04F79EFBC}") = "绘制正弦曲线", "绘制正弦曲线\绘制正弦曲线.csproj", "{B3EB59B1-88F7-4A0A-BA8D-6684D559B833}"
EndProject
Global
	GlobalSection(SolutionConfigurationPlatforms) = preSolution
		Debug|Any CPU = Debug|Any CPU
		Release|Any CPU = Release|Any CPU
	EndGlobalSection
	GlobalSection(ProjectConfigurationPlatforms) = postSolution
		{B3EB59B1-88F7-4A0A-BA8D-6684D559B833}.Debug|Any CPU.ActiveCfg = Debug|Any CPU
		{B3EB59B1-88F7-4A0A-BA8D-6684D559B833}.Debug|Any CPU.Build.0 = Debug|Any CPU
		{B3EB59B1-88F7-4A0A-BA8D-6684D559B833}.Release|Any CPU.ActiveCfg = Release|Any CPU
		{B3EB59B1-88F7-4A0A-BA8D-6684D559B833}.Release|Any CPU.Build.0 = Release|Any CPU
	EndGlobalSection
	GlobalSection(SolutionProperties) = preSolution
		HideSolutionNode = FALSE
	EndGlobalSection
	GlobalSection(ExtensibilityGlobals) = postSolution
		SolutionGuid = {8BF25076-E479-4B0C-9BA1-90C92260BB29}
	EndGlobalSection
EndGlobal
