
Microsoft Visual Studio Solution File, Format Version 12.00
# Visual Studio Version 16
VisualStudioVersion = 16.0.28705.295
MinimumVisualStudioVersion = 10.0.40219.1
Project("{FAE04EC0-301F-11D3-BF4B-00C04F79EFBC}") = "例1-1", "例1-1\例1-1.csproj", "{6DDFD89F-10D2-45F5-AC63-2A107ADE60E5}"
EndProject
Global
	GlobalSection(SolutionConfigurationPlatforms) = preSolution
		Debug|Any CPU = Debug|Any CPU
		Release|Any CPU = Release|Any CPU
	EndGlobalSection
	GlobalSection(ProjectConfigurationPlatforms) = postSolution
		{6DDFD89F-10D2-45F5-AC63-2A107ADE60E5}.Debug|Any CPU.ActiveCfg = Debug|Any CPU
		{6DDFD89F-10D2-45F5-AC63-2A107ADE60E5}.Debug|Any CPU.Build.0 = Debug|Any CPU
		{6DDFD89F-10D2-45F5-AC63-2A107ADE60E5}.Release|Any CPU.ActiveCfg = Release|Any CPU
		{6DDFD89F-10D2-45F5-AC63-2A107ADE60E5}.Release|Any CPU.Build.0 = Release|Any CPU
	EndGlobalSection
	GlobalSection(SolutionProperties) = preSolution
		HideSolutionNode = FALSE
	EndGlobalSection
	GlobalSection(ExtensibilityGlobals) = postSolution
		SolutionGuid = {ACDC89A9-99BC-4EB3-9E98-CACB7DD0622F}
	EndGlobalSection
EndGlobal
