
Microsoft Visual Studio Solution File, Format Version 12.00
# Visual Studio Version 16
VisualStudioVersion = 16.0.28922.388
MinimumVisualStudioVersion = 10.0.40219.1
Project("{FAE04EC0-301F-11D3-BF4B-00C04F79EFBC}") = "Lab_Ch9_1", "Lab_Ch9_1\Lab_Ch9_1.csproj", "{9B0A3340-3BAA-48BA-86BD-1FBE188A357A}"
EndProject
Project("{FAE04EC0-301F-11D3-BF4B-00C04F79EFBC}") = "Lab_Ch9_1_Ex", "Lab_Ch9_1_Ex\Lab_Ch9_1_Ex.csproj", "{516D41EF-C751-497B-8F3B-DD703173AA1B}"
EndProject
Global
	GlobalSection(SolutionConfigurationPlatforms) = preSolution
		Debug|Any CPU = Debug|Any CPU
		Release|Any CPU = Release|Any CPU
	EndGlobalSection
	GlobalSection(ProjectConfigurationPlatforms) = postSolution
		{9B0A3340-3BAA-48BA-86BD-1FBE188A357A}.Debug|Any CPU.ActiveCfg = Debug|Any CPU
		{9B0A3340-3BAA-48BA-86BD-1FBE188A357A}.Debug|Any CPU.Build.0 = Debug|Any CPU
		{9B0A3340-3BAA-48BA-86BD-1FBE188A357A}.Release|Any CPU.ActiveCfg = Release|Any CPU
		{9B0A3340-3BAA-48BA-86BD-1FBE188A357A}.Release|Any CPU.Build.0 = Release|Any CPU
		{516D41EF-C751-497B-8F3B-DD703173AA1B}.Debug|Any CPU.ActiveCfg = Debug|Any CPU
		{516D41EF-C751-497B-8F3B-DD703173AA1B}.Debug|Any CPU.Build.0 = Debug|Any CPU
		{516D41EF-C751-497B-8F3B-DD703173AA1B}.Release|Any CPU.ActiveCfg = Release|Any CPU
		{516D41EF-C751-497B-8F3B-DD703173AA1B}.Release|Any CPU.Build.0 = Release|Any CPU
	EndGlobalSection
	GlobalSection(SolutionProperties) = preSolution
		HideSolutionNode = FALSE
	EndGlobalSection
	GlobalSection(ExtensibilityGlobals) = postSolution
		SolutionGuid = {70B9724E-E4C8-4705-95D7-94AB716FAA5A}
	EndGlobalSection
EndGlobal
