
Microsoft Visual Studio Solution File, Format Version 12.00
# Visual Studio Version 16
VisualStudioVersion = 16.0.28922.388
MinimumVisualStudioVersion = 10.0.40219.1
Project("{FAE04EC0-301F-11D3-BF4B-00C04F79EFBC}") = "Lab_Ch8_3", "Lab_Ch8_3\Lab_Ch8_3.csproj", "{391757F7-489F-4131-9B88-6457725C57A4}"
EndProject
Project("{FAE04EC0-301F-11D3-BF4B-00C04F79EFBC}") = "Lab_Ch8_3_Ex", "Lab_Ch8_3_Ex\Lab_Ch8_3_Ex.csproj", "{B3CC5FF9-69F7-41FA-9730-A1DEBCDDE052}"
EndProject
Global
	GlobalSection(SolutionConfigurationPlatforms) = preSolution
		Debug|Any CPU = Debug|Any CPU
		Release|Any CPU = Release|Any CPU
	EndGlobalSection
	GlobalSection(ProjectConfigurationPlatforms) = postSolution
		{391757F7-489F-4131-9B88-6457725C57A4}.Debug|Any CPU.ActiveCfg = Debug|Any CPU
		{391757F7-489F-4131-9B88-6457725C57A4}.Debug|Any CPU.Build.0 = Debug|Any CPU
		{391757F7-489F-4131-9B88-6457725C57A4}.Release|Any CPU.ActiveCfg = Release|Any CPU
		{391757F7-489F-4131-9B88-6457725C57A4}.Release|Any CPU.Build.0 = Release|Any CPU
		{B3CC5FF9-69F7-41FA-9730-A1DEBCDDE052}.Debug|Any CPU.ActiveCfg = Debug|Any CPU
		{B3CC5FF9-69F7-41FA-9730-A1DEBCDDE052}.Debug|Any CPU.Build.0 = Debug|Any CPU
		{B3CC5FF9-69F7-41FA-9730-A1DEBCDDE052}.Release|Any CPU.ActiveCfg = Release|Any CPU
		{B3CC5FF9-69F7-41FA-9730-A1DEBCDDE052}.Release|Any CPU.Build.0 = Release|Any CPU
	EndGlobalSection
	GlobalSection(SolutionProperties) = preSolution
		HideSolutionNode = FALSE
	EndGlobalSection
	GlobalSection(ExtensibilityGlobals) = postSolution
		SolutionGuid = {99715ABE-E389-4E82-AF7A-3398638C532D}
	EndGlobalSection
EndGlobal
