
Microsoft Visual Studio Solution File, Format Version 12.00
# Visual Studio Version 16
VisualStudioVersion = 16.0.28922.388
MinimumVisualStudioVersion = 10.0.40219.1
Project("{FAE04EC0-301F-11D3-BF4B-00C04F79EFBC}") = "为形状填充颜色", "为形状填充颜色\为形状填充颜色.csproj", "{54F969D9-B02C-4E1D-9D16-0E96E1330075}"
EndProject
Global
	GlobalSection(SolutionConfigurationPlatforms) = preSolution
		Debug|Any CPU = Debug|Any CPU
		Release|Any CPU = Release|Any CPU
	EndGlobalSection
	GlobalSection(ProjectConfigurationPlatforms) = postSolution
		{54F969D9-B02C-4E1D-9D16-0E96E1330075}.Debug|Any CPU.ActiveCfg = Debug|Any CPU
		{54F969D9-B02C-4E1D-9D16-0E96E1330075}.Debug|Any CPU.Build.0 = Debug|Any CPU
		{54F969D9-B02C-4E1D-9D16-0E96E1330075}.Release|Any CPU.ActiveCfg = Release|Any CPU
		{54F969D9-B02C-4E1D-9D16-0E96E1330075}.Release|Any CPU.Build.0 = Release|Any CPU
	EndGlobalSection
	GlobalSection(SolutionProperties) = preSolution
		HideSolutionNode = FALSE
	EndGlobalSection
	GlobalSection(ExtensibilityGlobals) = postSolution
		SolutionGuid = {FF555C8B-5FC0-4B95-86D0-8CBE1B75D6FD}
	EndGlobalSection
EndGlobal
