
Microsoft Visual Studio Solution File, Format Version 12.00
# Visual Studio Version 16
VisualStudioVersion = 16.0.28803.202
MinimumVisualStudioVersion = 10.0.40219.1
Project("{FAE04EC0-301F-11D3-BF4B-00C04F79EFBC}") = "输出九九乘法表", "输出九九乘法表\输出九九乘法表.csproj", "{DE4E01BD-D3C6-4680-9165-A954656B4B8F}"
EndProject
Global
	GlobalSection(SolutionConfigurationPlatforms) = preSolution
		Debug|Any CPU = Debug|Any CPU
		Release|Any CPU = Release|Any CPU
	EndGlobalSection
	GlobalSection(ProjectConfigurationPlatforms) = postSolution
		{DE4E01BD-D3C6-4680-9165-A954656B4B8F}.Debug|Any CPU.ActiveCfg = Debug|Any CPU
		{DE4E01BD-D3C6-4680-9165-A954656B4B8F}.Debug|Any CPU.Build.0 = Debug|Any CPU
		{DE4E01BD-D3C6-4680-9165-A954656B4B8F}.Release|Any CPU.ActiveCfg = Release|Any CPU
		{DE4E01BD-D3C6-4680-9165-A954656B4B8F}.Release|Any CPU.Build.0 = Release|Any CPU
	EndGlobalSection
	GlobalSection(SolutionProperties) = preSolution
		HideSolutionNode = FALSE
	EndGlobalSection
	GlobalSection(ExtensibilityGlobals) = postSolution
		SolutionGuid = {559EDA13-62F3-4B18-8D0A-01015B5DD02C}
	EndGlobalSection
EndGlobal
