
Microsoft Visual Studio Solution File, Format Version 12.00
# Visual Studio Version 16
VisualStudioVersion = 16.0.28705.295
MinimumVisualStudioVersion = 10.0.40219.1
Project("{FAE04EC0-301F-11D3-BF4B-00C04F79EFBC}") = "while语句计算1~100的和", "while语句计算1~100的和\while语句计算1~100的和.csproj", "{23149765-9D07-46B6-ABE3-8DFDAF126893}"
EndProject
Global
	GlobalSection(SolutionConfigurationPlatforms) = preSolution
		Debug|Any CPU = Debug|Any CPU
		Release|Any CPU = Release|Any CPU
	EndGlobalSection
	GlobalSection(ProjectConfigurationPlatforms) = postSolution
		{23149765-9D07-46B6-ABE3-8DFDAF126893}.Debug|Any CPU.ActiveCfg = Debug|Any CPU
		{23149765-9D07-46B6-ABE3-8DFDAF126893}.Debug|Any CPU.Build.0 = Debug|Any CPU
		{23149765-9D07-46B6-ABE3-8DFDAF126893}.Release|Any CPU.ActiveCfg = Release|Any CPU
		{23149765-9D07-46B6-ABE3-8DFDAF126893}.Release|Any CPU.Build.0 = Release|Any CPU
	EndGlobalSection
	GlobalSection(SolutionProperties) = preSolution
		HideSolutionNode = FALSE
	EndGlobalSection
	GlobalSection(ExtensibilityGlobals) = postSolution
		SolutionGuid = {E88AB6EF-6661-476B-ACE5-883B68940EF4}
	EndGlobalSection
EndGlobal
