
Microsoft Visual Studio Solution File, Format Version 12.00
# Visual Studio Version 16
VisualStudioVersion = 16.0.28803.202
MinimumVisualStudioVersion = 10.0.40219.1
Project("{FAE04EC0-301F-11D3-BF4B-00C04F79EFBC}") = "月份号码对应月份英文名称", "月份号码对应月份英文名称\月份号码对应月份英文名称.csproj", "{43421923-9939-41CD-AB11-95485B93A8DB}"
EndProject
Global
	GlobalSection(SolutionConfigurationPlatforms) = preSolution
		Debug|Any CPU = Debug|Any CPU
		Release|Any CPU = Release|Any CPU
	EndGlobalSection
	GlobalSection(ProjectConfigurationPlatforms) = postSolution
		{43421923-9939-41CD-AB11-95485B93A8DB}.Debug|Any CPU.ActiveCfg = Debug|Any CPU
		{43421923-9939-41CD-AB11-95485B93A8DB}.Debug|Any CPU.Build.0 = Debug|Any CPU
		{43421923-9939-41CD-AB11-95485B93A8DB}.Release|Any CPU.ActiveCfg = Release|Any CPU
		{43421923-9939-41CD-AB11-95485B93A8DB}.Release|Any CPU.Build.0 = Release|Any CPU
	EndGlobalSection
	GlobalSection(SolutionProperties) = preSolution
		HideSolutionNode = FALSE
	EndGlobalSection
	GlobalSection(ExtensibilityGlobals) = postSolution
		SolutionGuid = {0FCD49F8-6A3E-4F0E-88E0-C33DC7E3671F}
	EndGlobalSection
EndGlobal
