
Microsoft Visual Studio Solution File, Format Version 12.00
# Visual Studio Version 16
VisualStudioVersion = 16.0.28922.388
MinimumVisualStudioVersion = 10.0.40219.1
Project("{FAE04EC0-301F-11D3-BF4B-00C04F79EFBC}") = "值参数传递", "值参数传递\值参数传递.csproj", "{6F529AAE-999C-40B1-84CD-A82F6A11CA72}"
EndProject
Global
	GlobalSection(SolutionConfigurationPlatforms) = preSolution
		Debug|Any CPU = Debug|Any CPU
		Release|Any CPU = Release|Any CPU
	EndGlobalSection
	GlobalSection(ProjectConfigurationPlatforms) = postSolution
		{6F529AAE-999C-40B1-84CD-A82F6A11CA72}.Debug|Any CPU.ActiveCfg = Debug|Any CPU
		{6F529AAE-999C-40B1-84CD-A82F6A11CA72}.Debug|Any CPU.Build.0 = Debug|Any CPU
		{6F529AAE-999C-40B1-84CD-A82F6A11CA72}.Release|Any CPU.ActiveCfg = Release|Any CPU
		{6F529AAE-999C-40B1-84CD-A82F6A11CA72}.Release|Any CPU.Build.0 = Release|Any CPU
	EndGlobalSection
	GlobalSection(SolutionProperties) = preSolution
		HideSolutionNode = FALSE
	EndGlobalSection
	GlobalSection(ExtensibilityGlobals) = postSolution
		SolutionGuid = {58F87129-7FAF-4492-A3E9-CBB8B404C7B0}
	EndGlobalSection
EndGlobal
